
Microsoft Visual Studio Solution File, Format Version 12.00
# Visual Studio Version 17
VisualStudioVersion = 17.14.36310.24 d17.14
MinimumVisualStudioVersion = 10.0.40219.1
Project("{FAE04EC0-301F-11D3-BF4B-00C04F79EFBC}") = "Ptriangulos", "Ptriangulos\Ptriangulos.csproj", "{18B0BCDA-6D97-44F1-965A-441FDD25BDAE}"
EndProject
Global
	GlobalSection(SolutionConfigurationPlatforms) = preSolution
		Debug|Any CPU = Debug|Any CPU
		Release|Any CPU = Release|Any CPU
	EndGlobalSection
	GlobalSection(ProjectConfigurationPlatforms) = postSolution
		{18B0BCDA-6D97-44F1-965A-441FDD25BDAE}.Debug|Any CPU.ActiveCfg = Debug|Any CPU
		{18B0BCDA-6D97-44F1-965A-441FDD25BDAE}.Debug|Any CPU.Build.0 = Debug|Any CPU
		{18B0BCDA-6D97-44F1-965A-441FDD25BDAE}.Release|Any CPU.ActiveCfg = Release|Any CPU
		{18B0BCDA-6D97-44F1-965A-441FDD25BDAE}.Release|Any CPU.Build.0 = Release|Any CPU
	EndGlobalSection
	GlobalSection(SolutionProperties) = preSolution
		HideSolutionNode = FALSE
	EndGlobalSection
	GlobalSection(ExtensibilityGlobals) = postSolution
		SolutionGuid = {709571D9-1DFF-485D-B05B-10C21D6B308E}
	EndGlobalSection
EndGlobal
